
Microsoft Visual Studio Solution File, Format Version 12.00
# Visual Studio 15
VisualStudioVersion = 15.0.27130.2024
MinimumVisualStudioVersion = 10.0.40219.1
Project("{9A19103F-16F7-4668-BE54-9A1E7A4F7556}") = "DataFormCustomTextEditor", "DataFormCustomTextEditor\DataFormCustomTextEditor\DataFormCustomTextEditor.csproj", "{58B5E8AD-8F02-4BA8-88B4-8C4A962A14AC}"
EndProject
Project("{FAE04EC0-301F-11D3-BF4B-00C04F79EFBC}") = "DataFormCustomTextEditor.Android", "DataFormCustomTextEditor\DataFormCustomTextEditor.Android\DataFormCustomTextEditor.Android.csproj", "{F7E59CE2-0029-4A6F-85FE-86262A31491E}"
EndProject
Project("{FAE04EC0-301F-11D3-BF4B-00C04F79EFBC}") = "DataFormCustomTextEditor.iOS", "DataFormCustomTextEditor\DataFormCustomTextEditor.iOS\DataFormCustomTextEditor.iOS.csproj", "{15B30ECE-3EB5-464B-8429-6FAE9E4E6664}"
EndProject
Project("{FAE04EC0-301F-11D3-BF4B-00C04F79EFBC}") = "DataFormCustomTextEditor.UWP", "DataFormCustomTextEditor\DataFormCustomTextEditor.UWP\DataFormCustomTextEditor.UWP.csproj", "{B1270331-F0E8-4BE0-83A5-FA65E47F33EC}"
EndProject
Global
	GlobalSection(SolutionConfigurationPlatforms) = preSolution
		Ad-Hoc|Any CPU = Ad-Hoc|Any CPU
		Ad-Hoc|ARM = Ad-Hoc|ARM
		Ad-Hoc|iPhone = Ad-Hoc|iPhone
		Ad-Hoc|iPhoneSimulator = Ad-Hoc|iPhoneSimulator
		Ad-Hoc|x64 = Ad-Hoc|x64
		Ad-Hoc|x86 = Ad-Hoc|x86
		AppStore|Any CPU = AppStore|Any CPU
		AppStore|ARM = AppStore|ARM
		AppStore|iPhone = AppStore|iPhone
		AppStore|iPhoneSimulator = AppStore|iPhoneSimulator
		AppStore|x64 = AppStore|x64
		AppStore|x86 = AppStore|x86
		Debug|Any CPU = Debug|Any CPU
		Debug|ARM = Debug|ARM
		Debug|iPhone = Debug|iPhone
		Debug|iPhoneSimulator = Debug|iPhoneSimulator
		Debug|x64 = Debug|x64
		Debug|x86 = Debug|x86
		Release|Any CPU = Release|Any CPU
		Release|ARM = Release|ARM
		Release|iPhone = Release|iPhone
		Release|iPhoneSimulator = Release|iPhoneSimulator
		Release|x64 = Release|x64
		Release|x86 = Release|x86
	EndGlobalSection
	GlobalSection(ProjectConfigurationPlatforms) = postSolution
		{58B5E8AD-8F02-4BA8-88B4-8C4A962A14AC}.Ad-Hoc|Any CPU.ActiveCfg = Debug|Any CPU
		{58B5E8AD-8F02-4BA8-88B4-8C4A962A14AC}.Ad-Hoc|Any CPU.Build.0 = Debug|Any CPU
		{58B5E8AD-8F02-4BA8-88B4-8C4A962A14AC}.Ad-Hoc|ARM.ActiveCfg = Debug|Any CPU
		{58B5E8AD-8F02-4BA8-88B4-8C4A962A14AC}.Ad-Hoc|ARM.Build.0 = Debug|Any CPU
		{58B5E8AD-8F02-4BA8-88B4-8C4A962A14AC}.Ad-Hoc|iPhone.ActiveCfg = Debug|Any CPU
		{58B5E8AD-8F02-4BA8-88B4-8C4A962A14AC}.Ad-Hoc|iPhone.Build.0 = Debug|Any CPU
		{58B5E8AD-8F02-4BA8-88B4-8C4A962A14AC}.Ad-Hoc|iPhoneSimulator.ActiveCfg = Debug|Any CPU
		{58B5E8AD-8F02-4BA8-88B4-8C4A962A14AC}.Ad-Hoc|iPhoneSimulator.Build.0 = Debug|Any CPU
		{58B5E8AD-8F02-4BA8-88B4-8C4A962A14AC}.Ad-Hoc|x64.ActiveCfg = Debug|Any CPU
		{58B5E8AD-8F02-4BA8-88B4-8C4A962A14AC}.Ad-Hoc|x64.Build.0 = Debug|Any CPU
		{58B5E8AD-8F02-4BA8-88B4-8C4A962A14AC}.Ad-Hoc|x86.ActiveCfg = Debug|Any CPU
		{58B5E8AD-8F02-4BA8-88B4-8C4A962A14AC}.Ad-Hoc|x86.Build.0 = Debug|Any CPU
		{58B5E8AD-8F02-4BA8-88B4-8C4A962A14AC}.AppStore|Any CPU.ActiveCfg = Debug|Any CPU
		{58B5E8AD-8F02-4BA8-88B4-8C4A962A14AC}.AppStore|Any CPU.Build.0 = Debug|Any CPU
		{58B5E8AD-8F02-4BA8-88B4-8C4A962A14AC}.AppStore|ARM.ActiveCfg = Debug|Any CPU
		{58B5E8AD-8F02-4BA8-88B4-8C4A962A14AC}.AppStore|ARM.Build.0 = Debug|Any CPU
		{58B5E8AD-8F02-4BA8-88B4-8C4A962A14AC}.AppStore|iPhone.ActiveCfg = Debug|Any CPU
		{58B5E8AD-8F02-4BA8-88B4-8C4A962A14AC}.AppStore|iPhone.Build.0 = Debug|Any CPU
		{58B5E8AD-8F02-4BA8-88B4-8C4A962A14AC}.AppStore|iPhoneSimulator.ActiveCfg = Debug|Any CPU
		{58B5E8AD-8F02-4BA8-88B4-8C4A962A14AC}.AppStore|iPhoneSimulator.Build.0 = Debug|Any CPU
		{58B5E8AD-8F02-4BA8-88B4-8C4A962A14AC}.AppStore|x64.ActiveCfg = Debug|Any CPU
		{58B5E8AD-8F02-4BA8-88B4-8C4A962A14AC}.AppStore|x64.Build.0 = Debug|Any CPU
		{58B5E8AD-8F02-4BA8-88B4-8C4A962A14AC}.AppStore|x86.ActiveCfg = Debug|Any CPU
		{58B5E8AD-8F02-4BA8-88B4-8C4A962A14AC}.AppStore|x86.Build.0 = Debug|Any CPU
		{58B5E8AD-8F02-4BA8-88B4-8C4A962A14AC}.Debug|Any CPU.ActiveCfg = Debug|Any CPU
		{58B5E8AD-8F02-4BA8-88B4-8C4A962A14AC}.Debug|Any CPU.Build.0 = Debug|Any CPU
		{58B5E8AD-8F02-4BA8-88B4-8C4A962A14AC}.Debug|ARM.ActiveCfg = Debug|Any CPU
		{58B5E8AD-8F02-4BA8-88B4-8C4A962A14AC}.Debug|ARM.Build.0 = Debug|Any CPU
		{58B5E8AD-8F02-4BA8-88B4-8C4A962A14AC}.Debug|iPhone.ActiveCfg = Debug|Any CPU
		{58B5E8AD-8F02-4BA8-88B4-8C4A962A14AC}.Debug|iPhone.Build.0 = Debug|Any CPU
		{58B5E8AD-8F02-4BA8-88B4-8C4A962A14AC}.Debug|iPhoneSimulator.ActiveCfg = Debug|Any CPU
		{58B5E8AD-8F02-4BA8-88B4-8C4A962A14AC}.Debug|iPhoneSimulator.Build.0 = Debug|Any CPU
		{58B5E8AD-8F02-4BA8-88B4-8C4A962A14AC}.Debug|x64.ActiveCfg = Debug|Any CPU
		{58B5E8AD-8F02-4BA8-88B4-8C4A962A14AC}.Debug|x64.Build.0 = Debug|Any CPU
		{58B5E8AD-8F02-4BA8-88B4-8C4A962A14AC}.Debug|x86.ActiveCfg = Debug|Any CPU
		{58B5E8AD-8F02-4BA8-88B4-8C4A962A14AC}.Debug|x86.Build.0 = Debug|Any CPU
		{58B5E8AD-8F02-4BA8-88B4-8C4A962A14AC}.Release|Any CPU.ActiveCfg = Release|Any CPU
		{58B5E8AD-8F02-4BA8-88B4-8C4A962A14AC}.Release|Any CPU.Build.0 = Release|Any CPU
		{58B5E8AD-8F02-4BA8-88B4-8C4A962A14AC}.Release|ARM.ActiveCfg = Release|Any CPU
		{58B5E8AD-8F02-4BA8-88B4-8C4A962A14AC}.Release|ARM.Build.0 = Release|Any CPU
		{58B5E8AD-8F02-4BA8-88B4-8C4A962A14AC}.Release|iPhone.ActiveCfg = Release|Any CPU
		{58B5E8AD-8F02-4BA8-88B4-8C4A962A14AC}.Release|iPhone.Build.0 = Release|Any CPU
		{58B5E8AD-8F02-4BA8-88B4-8C4A962A14AC}.Release|iPhoneSimulator.ActiveCfg = Release|Any CPU
		{58B5E8AD-8F02-4BA8-88B4-8C4A962A14AC}.Release|iPhoneSimulator.Build.0 = Release|Any CPU
		{58B5E8AD-8F02-4BA8-88B4-8C4A962A14AC}.Release|x64.ActiveCfg = Release|Any CPU
		{58B5E8AD-8F02-4BA8-88B4-8C4A962A14AC}.Release|x64.Build.0 = Release|Any CPU
		{58B5E8AD-8F02-4BA8-88B4-8C4A962A14AC}.Release|x86.ActiveCfg = Release|Any CPU
		{58B5E8AD-8F02-4BA8-88B4-8C4A962A14AC}.Release|x86.Build.0 = Release|Any CPU
		{F7E59CE2-0029-4A6F-85FE-86262A31491E}.Ad-Hoc|Any CPU.ActiveCfg = Release|Any CPU
		{F7E59CE2-0029-4A6F-85FE-86262A31491E}.Ad-Hoc|Any CPU.Build.0 = Release|Any CPU
		{F7E59CE2-0029-4A6F-85FE-86262A31491E}.Ad-Hoc|Any CPU.Deploy.0 = Release|Any CPU
		{F7E59CE2-0029-4A6F-85FE-86262A31491E}.Ad-Hoc|ARM.ActiveCfg = Release|Any CPU
		{F7E59CE2-0029-4A6F-85FE-86262A31491E}.Ad-Hoc|ARM.Build.0 = Release|Any CPU
		{F7E59CE2-0029-4A6F-85FE-86262A31491E}.Ad-Hoc|ARM.Deploy.0 = Release|Any CPU
		{F7E59CE2-0029-4A6F-85FE-86262A31491E}.Ad-Hoc|iPhone.ActiveCfg = Release|Any CPU
		{F7E59CE2-0029-4A6F-85FE-86262A31491E}.Ad-Hoc|iPhone.Build.0 = Release|Any CPU
		{F7E59CE2-0029-4A6F-85FE-86262A31491E}.Ad-Hoc|iPhone.Deploy.0 = Release|Any CPU
		{F7E59CE2-0029-4A6F-85FE-86262A31491E}.Ad-Hoc|iPhoneSimulator.ActiveCfg = Release|Any CPU
		{F7E59CE2-0029-4A6F-85FE-86262A31491E}.Ad-Hoc|iPhoneSimulator.Build.0 = Release|Any CPU
		{F7E59CE2-0029-4A6F-85FE-86262A31491E}.Ad-Hoc|iPhoneSimulator.Deploy.0 = Release|Any CPU
		{F7E59CE2-0029-4A6F-85FE-86262A31491E}.Ad-Hoc|x64.ActiveCfg = Release|Any CPU
		{F7E59CE2-0029-4A6F-85FE-86262A31491E}.Ad-Hoc|x64.Build.0 = Release|Any CPU
		{F7E59CE2-0029-4A6F-85FE-86262A31491E}.Ad-Hoc|x64.Deploy.0 = Release|Any CPU
		{F7E59CE2-0029-4A6F-85FE-86262A31491E}.Ad-Hoc|x86.ActiveCfg = Release|Any CPU
		{F7E59CE2-0029-4A6F-85FE-86262A31491E}.Ad-Hoc|x86.Build.0 = Release|Any CPU
		{F7E59CE2-0029-4A6F-85FE-86262A31491E}.Ad-Hoc|x86.Deploy.0 = Release|Any CPU
		{F7E59CE2-0029-4A6F-85FE-86262A31491E}.AppStore|Any CPU.ActiveCfg = Release|Any CPU
		{F7E59CE2-0029-4A6F-85FE-86262A31491E}.AppStore|Any CPU.Build.0 = Release|Any CPU
		{F7E59CE2-0029-4A6F-85FE-86262A31491E}.AppStore|Any CPU.Deploy.0 = Release|Any CPU
		{F7E59CE2-0029-4A6F-85FE-86262A31491E}.AppStore|ARM.ActiveCfg = Release|Any CPU
		{F7E59CE2-0029-4A6F-85FE-86262A31491E}.AppStore|ARM.Build.0 = Release|Any CPU
		{F7E59CE2-0029-4A6F-85FE-86262A31491E}.AppStore|ARM.Deploy.0 = Release|Any CPU
		{F7E59CE2-0029-4A6F-85FE-86262A31491E}.AppStore|iPhone.ActiveCfg = Release|Any CPU
		{F7E59CE2-0029-4A6F-85FE-86262A31491E}.AppStore|iPhone.Build.0 = Release|Any CPU
		{F7E59CE2-0029-4A6F-85FE-86262A31491E}.AppStore|iPhone.Deploy.0 = Release|Any CPU
		{F7E59CE2-0029-4A6F-85FE-86262A31491E}.AppStore|iPhoneSimulator.ActiveCfg = Release|Any CPU
		{F7E59CE2-0029-4A6F-85FE-86262A31491E}.AppStore|iPhoneSimulator.Build.0 = Release|Any CPU
		{F7E59CE2-0029-4A6F-85FE-86262A31491E}.AppStore|iPhoneSimulator.Deploy.0 = Release|Any CPU
		{F7E59CE2-0029-4A6F-85FE-86262A31491E}.AppStore|x64.ActiveCfg = Release|Any CPU
		{F7E59CE2-0029-4A6F-85FE-86262A31491E}.AppStore|x64.Build.0 = Release|Any CPU
		{F7E59CE2-0029-4A6F-85FE-86262A31491E}.AppStore|x64.Deploy.0 = Release|Any CPU
		{F7E59CE2-0029-4A6F-85FE-86262A31491E}.AppStore|x86.ActiveCfg = Release|Any CPU
		{F7E59CE2-0029-4A6F-85FE-86262A31491E}.AppStore|x86.Build.0 = Release|Any CPU
		{F7E59CE2-0029-4A6F-85FE-86262A31491E}.AppStore|x86.Deploy.0 = Release|Any CPU
		{F7E59CE2-0029-4A6F-85FE-86262A31491E}.Debug|Any CPU.ActiveCfg = Debug|Any CPU
		{F7E59CE2-0029-4A6F-85FE-86262A31491E}.Debug|Any CPU.Build.0 = Debug|Any CPU
		{F7E59CE2-0029-4A6F-85FE-86262A31491E}.Debug|Any CPU.Deploy.0 = Debug|Any CPU
		{F7E59CE2-0029-4A6F-85FE-86262A31491E}.Debug|ARM.ActiveCfg = Debug|Any CPU
		{F7E59CE2-0029-4A6F-85FE-86262A31491E}.Debug|ARM.Build.0 = Debug|Any CPU
		{F7E59CE2-0029-4A6F-85FE-86262A31491E}.Debug|ARM.Deploy.0 = Debug|Any CPU
		{F7E59CE2-0029-4A6F-85FE-86262A31491E}.Debug|iPhone.ActiveCfg = Debug|Any CPU
		{F7E59CE2-0029-4A6F-85FE-86262A31491E}.Debug|iPhone.Build.0 = Debug|Any CPU
		{F7E59CE2-0029-4A6F-85FE-86262A31491E}.Debug|iPhone.Deploy.0 = Debug|Any CPU
		{F7E59CE2-0029-4A6F-85FE-86262A31491E}.Debug|iPhoneSimulator.ActiveCfg = Debug|Any CPU
		{F7E59CE2-0029-4A6F-85FE-86262A31491E}.Debug|iPhoneSimulator.Build.0 = Debug|Any CPU
		{F7E59CE2-0029-4A6F-85FE-86262A31491E}.Debug|iPhoneSimulator.Deploy.0 = Debug|Any CPU
		{F7E59CE2-0029-4A6F-85FE-86262A31491E}.Debug|x64.ActiveCfg = Debug|Any CPU
		{F7E59CE2-0029-4A6F-85FE-86262A31491E}.Debug|x64.Build.0 = Debug|Any CPU
		{F7E59CE2-0029-4A6F-85FE-86262A31491E}.Debug|x64.Deploy.0 = Debug|Any CPU
		{F7E59CE2-0029-4A6F-85FE-86262A31491E}.Debug|x86.ActiveCfg = Debug|Any CPU
		{F7E59CE2-0029-4A6F-85FE-86262A31491E}.Debug|x86.Build.0 = Debug|Any CPU
		{F7E59CE2-0029-4A6F-85FE-86262A31491E}.Debug|x86.Deploy.0 = Debug|Any CPU
		{F7E59CE2-0029-4A6F-85FE-86262A31491E}.Release|Any CPU.ActiveCfg = Release|Any CPU
		{F7E59CE2-0029-4A6F-85FE-86262A31491E}.Release|Any CPU.Build.0 = Release|Any CPU
		{F7E59CE2-0029-4A6F-85FE-86262A31491E}.Release|Any CPU.Deploy.0 = Release|Any CPU
		{F7E59CE2-0029-4A6F-85FE-86262A31491E}.Release|ARM.ActiveCfg = Release|Any CPU
		{F7E59CE2-0029-4A6F-85FE-86262A31491E}.Release|ARM.Build.0 = Release|Any CPU
		{F7E59CE2-0029-4A6F-85FE-86262A31491E}.Release|ARM.Deploy.0 = Release|Any CPU
		{F7E59CE2-0029-4A6F-85FE-86262A31491E}.Release|iPhone.ActiveCfg = Release|Any CPU
		{F7E59CE2-0029-4A6F-85FE-86262A31491E}.Release|iPhone.Build.0 = Release|Any CPU
		{F7E59CE2-0029-4A6F-85FE-86262A31491E}.Release|iPhone.Deploy.0 = Release|Any CPU
		{F7E59CE2-0029-4A6F-85FE-86262A31491E}.Release|iPhoneSimulator.ActiveCfg = Release|Any CPU
		{F7E59CE2-0029-4A6F-85FE-86262A31491E}.Release|iPhoneSimulator.Build.0 = Release|Any CPU
		{F7E59CE2-0029-4A6F-85FE-86262A31491E}.Release|iPhoneSimulator.Deploy.0 = Release|Any CPU
		{F7E59CE2-0029-4A6F-85FE-86262A31491E}.Release|x64.ActiveCfg = Release|Any CPU
		{F7E59CE2-0029-4A6F-85FE-86262A31491E}.Release|x64.Build.0 = Release|Any CPU
		{F7E59CE2-0029-4A6F-85FE-86262A31491E}.Release|x64.Deploy.0 = Release|Any CPU
		{F7E59CE2-0029-4A6F-85FE-86262A31491E}.Release|x86.ActiveCfg = Release|Any CPU
		{F7E59CE2-0029-4A6F-85FE-86262A31491E}.Release|x86.Build.0 = Release|Any CPU
		{F7E59CE2-0029-4A6F-85FE-86262A31491E}.Release|x86.Deploy.0 = Release|Any CPU
		{15B30ECE-3EB5-464B-8429-6FAE9E4E6664}.Ad-Hoc|Any CPU.ActiveCfg = Ad-Hoc|iPhone
		{15B30ECE-3EB5-464B-8429-6FAE9E4E6664}.Ad-Hoc|ARM.ActiveCfg = Ad-Hoc|iPhone
		{15B30ECE-3EB5-464B-8429-6FAE9E4E6664}.Ad-Hoc|iPhone.ActiveCfg = Ad-Hoc|iPhone
		{15B30ECE-3EB5-464B-8429-6FAE9E4E6664}.Ad-Hoc|iPhone.Build.0 = Ad-Hoc|iPhone
		{15B30ECE-3EB5-464B-8429-6FAE9E4E6664}.Ad-Hoc|iPhoneSimulator.ActiveCfg = Ad-Hoc|iPhoneSimulator
		{15B30ECE-3EB5-464B-8429-6FAE9E4E6664}.Ad-Hoc|iPhoneSimulator.Build.0 = Ad-Hoc|iPhoneSimulator
		{15B30ECE-3EB5-464B-8429-6FAE9E4E6664}.Ad-Hoc|x64.ActiveCfg = Ad-Hoc|iPhone
		{15B30ECE-3EB5-464B-8429-6FAE9E4E6664}.Ad-Hoc|x86.ActiveCfg = Ad-Hoc|iPhone
		{15B30ECE-3EB5-464B-8429-6FAE9E4E6664}.AppStore|Any CPU.ActiveCfg = AppStore|iPhone
		{15B30ECE-3EB5-464B-8429-6FAE9E4E6664}.AppStore|ARM.ActiveCfg = AppStore|iPhone
		{15B30ECE-3EB5-464B-8429-6FAE9E4E6664}.AppStore|iPhone.ActiveCfg = AppStore|iPhone
		{15B30ECE-3EB5-464B-8429-6FAE9E4E6664}.AppStore|iPhone.Build.0 = AppStore|iPhone
		{15B30ECE-3EB5-464B-8429-6FAE9E4E6664}.AppStore|iPhoneSimulator.ActiveCfg = AppStore|iPhoneSimulator
		{15B30ECE-3EB5-464B-8429-6FAE9E4E6664}.AppStore|iPhoneSimulator.Build.0 = AppStore|iPhoneSimulator
		{15B30ECE-3EB5-464B-8429-6FAE9E4E6664}.AppStore|x64.ActiveCfg = AppStore|iPhone
		{15B30ECE-3EB5-464B-8429-6FAE9E4E6664}.AppStore|x86.ActiveCfg = AppStore|iPhone
		{15B30ECE-3EB5-464B-8429-6FAE9E4E6664}.Debug|Any CPU.ActiveCfg = Debug|iPhone
		{15B30ECE-3EB5-464B-8429-6FAE9E4E6664}.Debug|ARM.ActiveCfg = Debug|iPhone
		{15B30ECE-3EB5-464B-8429-6FAE9E4E6664}.Debug|iPhone.ActiveCfg = Debug|iPhone
		{15B30ECE-3EB5-464B-8429-6FAE9E4E6664}.Debug|iPhone.Build.0 = Debug|iPhone
		{15B30ECE-3EB5-464B-8429-6FAE9E4E6664}.Debug|iPhoneSimulator.ActiveCfg = Debug|iPhoneSimulator
		{15B30ECE-3EB5-464B-8429-6FAE9E4E6664}.Debug|iPhoneSimulator.Build.0 = Debug|iPhoneSimulator
		{15B30ECE-3EB5-464B-8429-6FAE9E4E6664}.Debug|x64.ActiveCfg = Debug|iPhone
		{15B30ECE-3EB5-464B-8429-6FAE9E4E6664}.Debug|x86.ActiveCfg = Debug|iPhone
		{15B30ECE-3EB5-464B-8429-6FAE9E4E6664}.Release|Any CPU.ActiveCfg = Release|iPhone
		{15B30ECE-3EB5-464B-8429-6FAE9E4E6664}.Release|ARM.ActiveCfg = Release|iPhone
		{15B30ECE-3EB5-464B-8429-6FAE9E4E6664}.Release|iPhone.ActiveCfg = Release|iPhone
		{15B30ECE-3EB5-464B-8429-6FAE9E4E6664}.Release|iPhone.Build.0 = Release|iPhone
		{15B30ECE-3EB5-464B-8429-6FAE9E4E6664}.Release|iPhoneSimulator.ActiveCfg = Release|iPhoneSimulator
		{15B30ECE-3EB5-464B-8429-6FAE9E4E6664}.Release|iPhoneSimulator.Build.0 = Release|iPhoneSimulator
		{15B30ECE-3EB5-464B-8429-6FAE9E4E6664}.Release|x64.ActiveCfg = Release|iPhone
		{15B30ECE-3EB5-464B-8429-6FAE9E4E6664}.Release|x86.ActiveCfg = Release|iPhone
		{B1270331-F0E8-4BE0-83A5-FA65E47F33EC}.Ad-Hoc|Any CPU.ActiveCfg = Release|x86
		{B1270331-F0E8-4BE0-83A5-FA65E47F33EC}.Ad-Hoc|Any CPU.Build.0 = Release|x86
		{B1270331-F0E8-4BE0-83A5-FA65E47F33EC}.Ad-Hoc|Any CPU.Deploy.0 = Release|x86
		{B1270331-F0E8-4BE0-83A5-FA65E47F33EC}.Ad-Hoc|ARM.ActiveCfg = Release|ARM
		{B1270331-F0E8-4BE0-83A5-FA65E47F33EC}.Ad-Hoc|ARM.Build.0 = Release|ARM
		{B1270331-F0E8-4BE0-83A5-FA65E47F33EC}.Ad-Hoc|ARM.Deploy.0 = Release|ARM
		{B1270331-F0E8-4BE0-83A5-FA65E47F33EC}.Ad-Hoc|iPhone.ActiveCfg = Release|x86
		{B1270331-F0E8-4BE0-83A5-FA65E47F33EC}.Ad-Hoc|iPhone.Build.0 = Release|x86
		{B1270331-F0E8-4BE0-83A5-FA65E47F33EC}.Ad-Hoc|iPhone.Deploy.0 = Release|x86
		{B1270331-F0E8-4BE0-83A5-FA65E47F33EC}.Ad-Hoc|iPhoneSimulator.ActiveCfg = Release|x86
		{B1270331-F0E8-4BE0-83A5-FA65E47F33EC}.Ad-Hoc|iPhoneSimulator.Build.0 = Release|x86
		{B1270331-F0E8-4BE0-83A5-FA65E47F33EC}.Ad-Hoc|iPhoneSimulator.Deploy.0 = Release|x86
		{B1270331-F0E8-4BE0-83A5-FA65E47F33EC}.Ad-Hoc|x64.ActiveCfg = Release|x64
		{B1270331-F0E8-4BE0-83A5-FA65E47F33EC}.Ad-Hoc|x64.Build.0 = Release|x64
		{B1270331-F0E8-4BE0-83A5-FA65E47F33EC}.Ad-Hoc|x64.Deploy.0 = Release|x64
		{B1270331-F0E8-4BE0-83A5-FA65E47F33EC}.Ad-Hoc|x86.ActiveCfg = Release|x86
		{B1270331-F0E8-4BE0-83A5-FA65E47F33EC}.Ad-Hoc|x86.Build.0 = Release|x86
		{B1270331-F0E8-4BE0-83A5-FA65E47F33EC}.Ad-Hoc|x86.Deploy.0 = Release|x86
		{B1270331-F0E8-4BE0-83A5-FA65E47F33EC}.AppStore|Any CPU.ActiveCfg = Release|x86
		{B1270331-F0E8-4BE0-83A5-FA65E47F33EC}.AppStore|Any CPU.Build.0 = Release|x86
		{B1270331-F0E8-4BE0-83A5-FA65E47F33EC}.AppStore|Any CPU.Deploy.0 = Release|x86
		{B1270331-F0E8-4BE0-83A5-FA65E47F33EC}.AppStore|ARM.ActiveCfg = Release|ARM
		{B1270331-F0E8-4BE0-83A5-FA65E47F33EC}.AppStore|ARM.Build.0 = Release|ARM
		{B1270331-F0E8-4BE0-83A5-FA65E47F33EC}.AppStore|ARM.Deploy.0 = Release|ARM
		{B1270331-F0E8-4BE0-83A5-FA65E47F33EC}.AppStore|iPhone.ActiveCfg = Release|x86
		{B1270331-F0E8-4BE0-83A5-FA65E47F33EC}.AppStore|iPhone.Build.0 = Release|x86
		{B1270331-F0E8-4BE0-83A5-FA65E47F33EC}.AppStore|iPhone.Deploy.0 = Release|x86
		{B1270331-F0E8-4BE0-83A5-FA65E47F33EC}.AppStore|iPhoneSimulator.ActiveCfg = Release|x86
		{B1270331-F0E8-4BE0-83A5-FA65E47F33EC}.AppStore|iPhoneSimulator.Build.0 = Release|x86
		{B1270331-F0E8-4BE0-83A5-FA65E47F33EC}.AppStore|iPhoneSimulator.Deploy.0 = Release|x86
		{B1270331-F0E8-4BE0-83A5-FA65E47F33EC}.AppStore|x64.ActiveCfg = Release|x64
		{B1270331-F0E8-4BE0-83A5-FA65E47F33EC}.AppStore|x64.Build.0 = Release|x64
		{B1270331-F0E8-4BE0-83A5-FA65E47F33EC}.AppStore|x64.Deploy.0 = Release|x64
		{B1270331-F0E8-4BE0-83A5-FA65E47F33EC}.AppStore|x86.ActiveCfg = Release|x86
		{B1270331-F0E8-4BE0-83A5-FA65E47F33EC}.AppStore|x86.Build.0 = Release|x86
		{B1270331-F0E8-4BE0-83A5-FA65E47F33EC}.AppStore|x86.Deploy.0 = Release|x86
		{B1270331-F0E8-4BE0-83A5-FA65E47F33EC}.Debug|Any CPU.ActiveCfg = Debug|x86
		{B1270331-F0E8-4BE0-83A5-FA65E47F33EC}.Debug|ARM.ActiveCfg = Debug|ARM
		{B1270331-F0E8-4BE0-83A5-FA65E47F33EC}.Debug|ARM.Build.0 = Debug|ARM
		{B1270331-F0E8-4BE0-83A5-FA65E47F33EC}.Debug|ARM.Deploy.0 = Debug|ARM
		{B1270331-F0E8-4BE0-83A5-FA65E47F33EC}.Debug|iPhone.ActiveCfg = Debug|x86
		{B1270331-F0E8-4BE0-83A5-FA65E47F33EC}.Debug|iPhoneSimulator.ActiveCfg = Debug|x86
		{B1270331-F0E8-4BE0-83A5-FA65E47F33EC}.Debug|x64.ActiveCfg = Debug|x64
		{B1270331-F0E8-4BE0-83A5-FA65E47F33EC}.Debug|x64.Build.0 = Debug|x64
		{B1270331-F0E8-4BE0-83A5-FA65E47F33EC}.Debug|x64.Deploy.0 = Debug|x64
		{B1270331-F0E8-4BE0-83A5-FA65E47F33EC}.Debug|x86.ActiveCfg = Debug|x86
		{B1270331-F0E8-4BE0-83A5-FA65E47F33EC}.Debug|x86.Build.0 = Debug|x86
		{B1270331-F0E8-4BE0-83A5-FA65E47F33EC}.Debug|x86.Deploy.0 = Debug|x86
		{B1270331-F0E8-4BE0-83A5-FA65E47F33EC}.Release|Any CPU.ActiveCfg = Release|x86
		{B1270331-F0E8-4BE0-83A5-FA65E47F33EC}.Release|ARM.ActiveCfg = Release|ARM
		{B1270331-F0E8-4BE0-83A5-FA65E47F33EC}.Release|ARM.Build.0 = Release|ARM
		{B1270331-F0E8-4BE0-83A5-FA65E47F33EC}.Release|ARM.Deploy.0 = Release|ARM
		{B1270331-F0E8-4BE0-83A5-FA65E47F33EC}.Release|iPhone.ActiveCfg = Release|x86
		{B1270331-F0E8-4BE0-83A5-FA65E47F33EC}.Release|iPhoneSimulator.ActiveCfg = Release|x86
		{B1270331-F0E8-4BE0-83A5-FA65E47F33EC}.Release|x64.ActiveCfg = Release|x64
		{B1270331-F0E8-4BE0-83A5-FA65E47F33EC}.Release|x64.Build.0 = Release|x64
		{B1270331-F0E8-4BE0-83A5-FA65E47F33EC}.Release|x64.Deploy.0 = Release|x64
		{B1270331-F0E8-4BE0-83A5-FA65E47F33EC}.Release|x86.ActiveCfg = Release|x86
		{B1270331-F0E8-4BE0-83A5-FA65E47F33EC}.Release|x86.Build.0 = Release|x86
		{B1270331-F0E8-4BE0-83A5-FA65E47F33EC}.Release|x86.Deploy.0 = Release|x86
	EndGlobalSection
	GlobalSection(SolutionProperties) = preSolution
		HideSolutionNode = FALSE
	EndGlobalSection
	GlobalSection(ExtensibilityGlobals) = postSolution
		SolutionGuid = {FFF010C2-E7F4-44EE-8441-F7FB4C31B2AC}
	EndGlobalSection
EndGlobal
